
Microsoft Visual Studio Solution File, Format Version 12.00
# Visual Studio Version 16
VisualStudioVersion = 16.0.29209.62
MinimumVisualStudioVersion = 10.0.40219.1
Project("{FAE04EC0-301F-11D3-BF4B-00C04F79EFBC}") = "dz3_3_SalePc", "dz3_3_SalePc\dz3_3_SalePc.csproj", "{A2B929E1-5553-4266-8525-F871B9631D7D}"
EndProject
Global
	GlobalSection(SolutionConfigurationPlatforms) = preSolution
		Debug|Any CPU = Debug|Any CPU
		Release|Any CPU = Release|Any CPU
	EndGlobalSection
	GlobalSection(ProjectConfigurationPlatforms) = postSolution
		{A2B929E1-5553-4266-8525-F871B9631D7D}.Debug|Any CPU.ActiveCfg = Debug|Any CPU
		{A2B929E1-5553-4266-8525-F871B9631D7D}.Debug|Any CPU.Build.0 = Debug|Any CPU
		{A2B929E1-5553-4266-8525-F871B9631D7D}.Release|Any CPU.ActiveCfg = Release|Any CPU
		{A2B929E1-5553-4266-8525-F871B9631D7D}.Release|Any CPU.Build.0 = Release|Any CPU
	EndGlobalSection
	GlobalSection(SolutionProperties) = preSolution
		HideSolutionNode = FALSE
	EndGlobalSection
	GlobalSection(ExtensibilityGlobals) = postSolution
		SolutionGuid = {4B819565-5921-4DAE-ACE6-5A9B81B09738}
	EndGlobalSection
EndGlobal
