
Microsoft Visual Studio Solution File, Format Version 12.00
# Visual Studio Version 16
VisualStudioVersion = 16.0.29209.62
MinimumVisualStudioVersion = 10.0.40219.1
Project("{FAE04EC0-301F-11D3-BF4B-00C04F79EFBC}") = "Угадай число", "Угадай число\Угадай число.csproj", "{EC69AE7F-7EC2-4AF4-B2DD-8D2FB20D6AC0}"
EndProject
Global
	GlobalSection(SolutionConfigurationPlatforms) = preSolution
		Debug|Any CPU = Debug|Any CPU
		Release|Any CPU = Release|Any CPU
	EndGlobalSection
	GlobalSection(ProjectConfigurationPlatforms) = postSolution
		{EC69AE7F-7EC2-4AF4-B2DD-8D2FB20D6AC0}.Debug|Any CPU.ActiveCfg = Debug|Any CPU
		{EC69AE7F-7EC2-4AF4-B2DD-8D2FB20D6AC0}.Debug|Any CPU.Build.0 = Debug|Any CPU
		{EC69AE7F-7EC2-4AF4-B2DD-8D2FB20D6AC0}.Release|Any CPU.ActiveCfg = Release|Any CPU
		{EC69AE7F-7EC2-4AF4-B2DD-8D2FB20D6AC0}.Release|Any CPU.Build.0 = Release|Any CPU
	EndGlobalSection
	GlobalSection(SolutionProperties) = preSolution
		HideSolutionNode = FALSE
	EndGlobalSection
	GlobalSection(ExtensibilityGlobals) = postSolution
		SolutionGuid = {92388DE6-1046-4E84-B0E3-D657C6D8FBE7}
	EndGlobalSection
EndGlobal
