
Microsoft Visual Studio Solution File, Format Version 12.00
# Visual Studio Version 16
VisualStudioVersion = 16.0.29209.62
MinimumVisualStudioVersion = 10.0.40219.1
Project("{FAE04EC0-301F-11D3-BF4B-00C04F79EFBC}") = "BestOil", "BestOil\BestOil.csproj", "{E85CFE87-5A4D-4614-AF00-318F4DBA7660}"
EndProject
Global
	GlobalSection(SolutionConfigurationPlatforms) = preSolution
		Debug|Any CPU = Debug|Any CPU
		Release|Any CPU = Release|Any CPU
	EndGlobalSection
	GlobalSection(ProjectConfigurationPlatforms) = postSolution
		{E85CFE87-5A4D-4614-AF00-318F4DBA7660}.Debug|Any CPU.ActiveCfg = Debug|Any CPU
		{E85CFE87-5A4D-4614-AF00-318F4DBA7660}.Debug|Any CPU.Build.0 = Debug|Any CPU
		{E85CFE87-5A4D-4614-AF00-318F4DBA7660}.Release|Any CPU.ActiveCfg = Release|Any CPU
		{E85CFE87-5A4D-4614-AF00-318F4DBA7660}.Release|Any CPU.Build.0 = Release|Any CPU
	EndGlobalSection
	GlobalSection(SolutionProperties) = preSolution
		HideSolutionNode = FALSE
	EndGlobalSection
	GlobalSection(ExtensibilityGlobals) = postSolution
		SolutionGuid = {2E4845B5-1E29-4C72-83AD-39D0B18BCDB2}
	EndGlobalSection
EndGlobal
